
Microsoft Visual Studio Solution File, Format Version 12.00
# Visual Studio Version 17
VisualStudioVersion = 17.0.31903.59
MinimumVisualStudioVersion = 10.0.40219.1
Project("{2150E333-8FDC-42A3-9474-1A3956D46DE8}") = "Packages", "Packages", "{809F86A1-1C4C-B159-0CD4-DF9D33D876CE}"
EndProject
Project("{FAE04EC0-301F-11D3-BF4B-00C04F79EFBC}") = "Rum.Data", "Packages\Rum.Data\Rum.Data.csproj", "{3CBD7F6A-EA47-4FFA-B2C4-00285D037E49}"
EndProject
Project("{FAE04EC0-301F-11D3-BF4B-00C04F79EFBC}") = "Rum.Logging", "Packages\Rum.Logging\Rum.Logging.csproj", "{CCBC783E-32B9-4C7E-9744-7229565DD651}"
EndProject
Project("{FAE04EC0-301F-11D3-BF4B-00C04F79EFBC}") = "Rum.Core", "Packages\Rum.Core\Rum.Core.csproj", "{9BD2B451-62F6-42DD-AC25-4894D004C3EA}"
EndProject
Project("{2150E333-8FDC-42A3-9474-1A3956D46DE8}") = "Samples", "Samples", "{5D20AA90-6969-D8BD-9DCD-8634F4692FDA}"
EndProject
Project("{FAE04EC0-301F-11D3-BF4B-00C04F79EFBC}") = "Samples.AspNetCore", "Samples\Samples.AspNetCore\Samples.AspNetCore.csproj", "{C55ACF85-92AD-4549-8E8C-2D69C5EF075B}"
EndProject
Project("{FAE04EC0-301F-11D3-BF4B-00C04F79EFBC}") = "Rum.Cmd", "Packages\Rum.Cmd\Rum.Cmd.csproj", "{B1FB85BE-BC2B-4004-976F-1F41FD274BA3}"
EndProject
Project("{2150E333-8FDC-42A3-9474-1A3956D46DE8}") = "Tests", "Tests", "{0AB3BF05-4346-4AA6-1389-037BE0695223}"
EndProject
Project("{FAE04EC0-301F-11D3-BF4B-00C04F79EFBC}") = "Rum.Data.Tests", "Tests\Rum.Data.Tests\Rum.Data.Tests.csproj", "{B248FA89-FD0A-4D8E-9BC3-7E12D708C677}"
EndProject
Global
	GlobalSection(SolutionConfigurationPlatforms) = preSolution
		Debug|Any CPU = Debug|Any CPU
		Debug|x64 = Debug|x64
		Debug|x86 = Debug|x86
		Release|Any CPU = Release|Any CPU
		Release|x64 = Release|x64
		Release|x86 = Release|x86
	EndGlobalSection
	GlobalSection(ProjectConfigurationPlatforms) = postSolution
		{3CBD7F6A-EA47-4FFA-B2C4-00285D037E49}.Debug|Any CPU.ActiveCfg = Debug|Any CPU
		{3CBD7F6A-EA47-4FFA-B2C4-00285D037E49}.Debug|Any CPU.Build.0 = Debug|Any CPU
		{3CBD7F6A-EA47-4FFA-B2C4-00285D037E49}.Debug|x64.ActiveCfg = Debug|Any CPU
		{3CBD7F6A-EA47-4FFA-B2C4-00285D037E49}.Debug|x64.Build.0 = Debug|Any CPU
		{3CBD7F6A-EA47-4FFA-B2C4-00285D037E49}.Debug|x86.ActiveCfg = Debug|Any CPU
		{3CBD7F6A-EA47-4FFA-B2C4-00285D037E49}.Debug|x86.Build.0 = Debug|Any CPU
		{3CBD7F6A-EA47-4FFA-B2C4-00285D037E49}.Release|Any CPU.ActiveCfg = Release|Any CPU
		{3CBD7F6A-EA47-4FFA-B2C4-00285D037E49}.Release|Any CPU.Build.0 = Release|Any CPU
		{3CBD7F6A-EA47-4FFA-B2C4-00285D037E49}.Release|x64.ActiveCfg = Release|Any CPU
		{3CBD7F6A-EA47-4FFA-B2C4-00285D037E49}.Release|x64.Build.0 = Release|Any CPU
		{3CBD7F6A-EA47-4FFA-B2C4-00285D037E49}.Release|x86.ActiveCfg = Release|Any CPU
		{3CBD7F6A-EA47-4FFA-B2C4-00285D037E49}.Release|x86.Build.0 = Release|Any CPU
		{CCBC783E-32B9-4C7E-9744-7229565DD651}.Debug|Any CPU.ActiveCfg = Debug|Any CPU
		{CCBC783E-32B9-4C7E-9744-7229565DD651}.Debug|Any CPU.Build.0 = Debug|Any CPU
		{CCBC783E-32B9-4C7E-9744-7229565DD651}.Debug|x64.ActiveCfg = Debug|Any CPU
		{CCBC783E-32B9-4C7E-9744-7229565DD651}.Debug|x64.Build.0 = Debug|Any CPU
		{CCBC783E-32B9-4C7E-9744-7229565DD651}.Debug|x86.ActiveCfg = Debug|Any CPU
		{CCBC783E-32B9-4C7E-9744-7229565DD651}.Debug|x86.Build.0 = Debug|Any CPU
		{CCBC783E-32B9-4C7E-9744-7229565DD651}.Release|Any CPU.ActiveCfg = Release|Any CPU
		{CCBC783E-32B9-4C7E-9744-7229565DD651}.Release|Any CPU.Build.0 = Release|Any CPU
		{CCBC783E-32B9-4C7E-9744-7229565DD651}.Release|x64.ActiveCfg = Release|Any CPU
		{CCBC783E-32B9-4C7E-9744-7229565DD651}.Release|x64.Build.0 = Release|Any CPU
		{CCBC783E-32B9-4C7E-9744-7229565DD651}.Release|x86.ActiveCfg = Release|Any CPU
		{CCBC783E-32B9-4C7E-9744-7229565DD651}.Release|x86.Build.0 = Release|Any CPU
		{9BD2B451-62F6-42DD-AC25-4894D004C3EA}.Debug|Any CPU.ActiveCfg = Debug|Any CPU
		{9BD2B451-62F6-42DD-AC25-4894D004C3EA}.Debug|Any CPU.Build.0 = Debug|Any CPU
		{9BD2B451-62F6-42DD-AC25-4894D004C3EA}.Debug|x64.ActiveCfg = Debug|Any CPU
		{9BD2B451-62F6-42DD-AC25-4894D004C3EA}.Debug|x64.Build.0 = Debug|Any CPU
		{9BD2B451-62F6-42DD-AC25-4894D004C3EA}.Debug|x86.ActiveCfg = Debug|Any CPU
		{9BD2B451-62F6-42DD-AC25-4894D004C3EA}.Debug|x86.Build.0 = Debug|Any CPU
		{9BD2B451-62F6-42DD-AC25-4894D004C3EA}.Release|Any CPU.ActiveCfg = Release|Any CPU
		{9BD2B451-62F6-42DD-AC25-4894D004C3EA}.Release|Any CPU.Build.0 = Release|Any CPU
		{9BD2B451-62F6-42DD-AC25-4894D004C3EA}.Release|x64.ActiveCfg = Release|Any CPU
		{9BD2B451-62F6-42DD-AC25-4894D004C3EA}.Release|x64.Build.0 = Release|Any CPU
		{9BD2B451-62F6-42DD-AC25-4894D004C3EA}.Release|x86.ActiveCfg = Release|Any CPU
		{9BD2B451-62F6-42DD-AC25-4894D004C3EA}.Release|x86.Build.0 = Release|Any CPU
		{C55ACF85-92AD-4549-8E8C-2D69C5EF075B}.Debug|Any CPU.ActiveCfg = Debug|Any CPU
		{C55ACF85-92AD-4549-8E8C-2D69C5EF075B}.Debug|Any CPU.Build.0 = Debug|Any CPU
		{C55ACF85-92AD-4549-8E8C-2D69C5EF075B}.Debug|x64.ActiveCfg = Debug|Any CPU
		{C55ACF85-92AD-4549-8E8C-2D69C5EF075B}.Debug|x64.Build.0 = Debug|Any CPU
		{C55ACF85-92AD-4549-8E8C-2D69C5EF075B}.Debug|x86.ActiveCfg = Debug|Any CPU
		{C55ACF85-92AD-4549-8E8C-2D69C5EF075B}.Debug|x86.Build.0 = Debug|Any CPU
		{C55ACF85-92AD-4549-8E8C-2D69C5EF075B}.Release|Any CPU.ActiveCfg = Release|Any CPU
		{C55ACF85-92AD-4549-8E8C-2D69C5EF075B}.Release|Any CPU.Build.0 = Release|Any CPU
		{C55ACF85-92AD-4549-8E8C-2D69C5EF075B}.Release|x64.ActiveCfg = Release|Any CPU
		{C55ACF85-92AD-4549-8E8C-2D69C5EF075B}.Release|x64.Build.0 = Release|Any CPU
		{C55ACF85-92AD-4549-8E8C-2D69C5EF075B}.Release|x86.ActiveCfg = Release|Any CPU
		{C55ACF85-92AD-4549-8E8C-2D69C5EF075B}.Release|x86.Build.0 = Release|Any CPU
		{B1FB85BE-BC2B-4004-976F-1F41FD274BA3}.Debug|Any CPU.ActiveCfg = Debug|Any CPU
		{B1FB85BE-BC2B-4004-976F-1F41FD274BA3}.Debug|Any CPU.Build.0 = Debug|Any CPU
		{B1FB85BE-BC2B-4004-976F-1F41FD274BA3}.Debug|x64.ActiveCfg = Debug|Any CPU
		{B1FB85BE-BC2B-4004-976F-1F41FD274BA3}.Debug|x64.Build.0 = Debug|Any CPU
		{B1FB85BE-BC2B-4004-976F-1F41FD274BA3}.Debug|x86.ActiveCfg = Debug|Any CPU
		{B1FB85BE-BC2B-4004-976F-1F41FD274BA3}.Debug|x86.Build.0 = Debug|Any CPU
		{B1FB85BE-BC2B-4004-976F-1F41FD274BA3}.Release|Any CPU.ActiveCfg = Release|Any CPU
		{B1FB85BE-BC2B-4004-976F-1F41FD274BA3}.Release|Any CPU.Build.0 = Release|Any CPU
		{B1FB85BE-BC2B-4004-976F-1F41FD274BA3}.Release|x64.ActiveCfg = Release|Any CPU
		{B1FB85BE-BC2B-4004-976F-1F41FD274BA3}.Release|x64.Build.0 = Release|Any CPU
		{B1FB85BE-BC2B-4004-976F-1F41FD274BA3}.Release|x86.ActiveCfg = Release|Any CPU
		{B1FB85BE-BC2B-4004-976F-1F41FD274BA3}.Release|x86.Build.0 = Release|Any CPU
		{B248FA89-FD0A-4D8E-9BC3-7E12D708C677}.Debug|Any CPU.ActiveCfg = Debug|Any CPU
		{B248FA89-FD0A-4D8E-9BC3-7E12D708C677}.Debug|Any CPU.Build.0 = Debug|Any CPU
		{B248FA89-FD0A-4D8E-9BC3-7E12D708C677}.Debug|x64.ActiveCfg = Debug|Any CPU
		{B248FA89-FD0A-4D8E-9BC3-7E12D708C677}.Debug|x64.Build.0 = Debug|Any CPU
		{B248FA89-FD0A-4D8E-9BC3-7E12D708C677}.Debug|x86.ActiveCfg = Debug|Any CPU
		{B248FA89-FD0A-4D8E-9BC3-7E12D708C677}.Debug|x86.Build.0 = Debug|Any CPU
		{B248FA89-FD0A-4D8E-9BC3-7E12D708C677}.Release|Any CPU.ActiveCfg = Release|Any CPU
		{B248FA89-FD0A-4D8E-9BC3-7E12D708C677}.Release|Any CPU.Build.0 = Release|Any CPU
		{B248FA89-FD0A-4D8E-9BC3-7E12D708C677}.Release|x64.ActiveCfg = Release|Any CPU
		{B248FA89-FD0A-4D8E-9BC3-7E12D708C677}.Release|x64.Build.0 = Release|Any CPU
		{B248FA89-FD0A-4D8E-9BC3-7E12D708C677}.Release|x86.ActiveCfg = Release|Any CPU
		{B248FA89-FD0A-4D8E-9BC3-7E12D708C677}.Release|x86.Build.0 = Release|Any CPU
	EndGlobalSection
	GlobalSection(SolutionProperties) = preSolution
		HideSolutionNode = FALSE
	EndGlobalSection
	GlobalSection(NestedProjects) = preSolution
		{3CBD7F6A-EA47-4FFA-B2C4-00285D037E49} = {809F86A1-1C4C-B159-0CD4-DF9D33D876CE}
		{CCBC783E-32B9-4C7E-9744-7229565DD651} = {809F86A1-1C4C-B159-0CD4-DF9D33D876CE}
		{9BD2B451-62F6-42DD-AC25-4894D004C3EA} = {809F86A1-1C4C-B159-0CD4-DF9D33D876CE}
		{C55ACF85-92AD-4549-8E8C-2D69C5EF075B} = {5D20AA90-6969-D8BD-9DCD-8634F4692FDA}
		{B1FB85BE-BC2B-4004-976F-1F41FD274BA3} = {809F86A1-1C4C-B159-0CD4-DF9D33D876CE}
		{B248FA89-FD0A-4D8E-9BC3-7E12D708C677} = {0AB3BF05-4346-4AA6-1389-037BE0695223}
	EndGlobalSection
EndGlobal
